
Microsoft Visual Studio Solution File, Format Version 12.00
# Visual Studio Version 17
VisualStudioVersion = 17.14.36414.22
MinimumVisualStudioVersion = 10.0.40219.1
Project("{2150E333-8FDC-42A3-9474-1A3956D46DE8}") = "Task0", "Task0", "{02EA681E-C7D8-13C7-8484-4AC65E1B71E8}"
EndProject
Project("{FAE04EC0-301F-11D3-BF4B-00C04F79EFBC}") = "Tyuiu.AntonovDI.Sprint2.Task0.V9", "Tyuiu.AntonovDI.Sprint2.Task0.V9\Tyuiu.AntonovDI.Sprint2.Task0.V9.csproj", "{0D26C3D9-5313-441C-A615-ECE0E1DADE1A}"
EndProject
Project("{FAE04EC0-301F-11D3-BF4B-00C04F79EFBC}") = "Tyuiu.AntonovDI.Sprint2.Task0.V9.Lib", "Tyuiu.AntonovDI.Sprint2.Task0.V9.Lib\Tyuiu.AntonovDI.Sprint2.Task0.V9.Lib.csproj", "{C0006052-11C2-4318-BB6E-C89030480689}"
EndProject
Project("{FAE04EC0-301F-11D3-BF4B-00C04F79EFBC}") = "Tyuiu.AntonovDI.Sprint2.Task0.V9.Test", "Tyuiu.AntonovDI.Sprint2.Task0.V9.Test\Tyuiu.AntonovDI.Sprint2.Task0.V9.Test.csproj", "{66E0473D-05E9-4D35-AD02-D879C81B48D9}"
EndProject
Project("{2150E333-8FDC-42A3-9474-1A3956D46DE8}") = "Task1", "Task1", "{8E8EAE48-B556-4731-B001-5D0CA86F3C79}"
EndProject
Project("{FAE04EC0-301F-11D3-BF4B-00C04F79EFBC}") = "Tyuiu.AntonovDI.Sprint2.Task1.V21", "Tyuiu.AntonovDI.Sprint2.Task1.V21\Tyuiu.AntonovDI.Sprint2.Task1.V21.csproj", "{8C831D98-B642-487F-8CC6-F0412A4ED754}"
EndProject
Project("{FAE04EC0-301F-11D3-BF4B-00C04F79EFBC}") = "Tyuiu.AntonovDI.Sprint2.Task1.V21.Lib", "Tyuiu.AntonovDI.Sprint2.Task1.V21.Lib\Tyuiu.AntonovDI.Sprint2.Task1.V21.Lib.csproj", "{51EC69D2-256B-40FB-9AB9-58CE3A54A4A4}"
EndProject
Project("{FAE04EC0-301F-11D3-BF4B-00C04F79EFBC}") = "Tyuiu.AntonovDI.Sprint2.Task1.V21.Test", "Tyuiu.AntonovDI.Sprint2.Task1.V21.Test\Tyuiu.AntonovDI.Sprint2.Task1.V21.Test.csproj", "{FACAACD0-53BC-4BDE-AC6E-A5C8D9EE6BBC}"
EndProject
Project("{2150E333-8FDC-42A3-9474-1A3956D46DE8}") = "Task2", "Task2", "{5E4B1ACB-8742-48BB-9670-2F016D0846A8}"
EndProject
Project("{FAE04EC0-301F-11D3-BF4B-00C04F79EFBC}") = "Tyuiu.AntonovDI.Sprint2.Task2.V28", "Tyuiu.AntonovDI.Sprint2.Task2.V28\Tyuiu.AntonovDI.Sprint2.Task2.V28.csproj", "{3626C5E8-80A5-4384-BC6B-0E448C8890D0}"
EndProject
Project("{FAE04EC0-301F-11D3-BF4B-00C04F79EFBC}") = "Tyuiu.AntonovDI.Sprint2.Task2.V28.Lib", "Tyuiu.AntonovDI.Sprint2.Task2.V28.Lib\Tyuiu.AntonovDI.Sprint2.Task2.V28.Lib.csproj", "{5C7425AB-03E1-444A-B4A2-9F7844391E5A}"
EndProject
Project("{FAE04EC0-301F-11D3-BF4B-00C04F79EFBC}") = "Tyuiu.AntonovDI.Sprint2.Task2.V28.Test", "Tyuiu.AntonovDI.Sprint2.Task2.V28.Test\Tyuiu.AntonovDI.Sprint2.Task2.V28.Test.csproj", "{1BFBBCA7-AE2A-46BC-BEFC-9523CEE02A6B}"
EndProject
Project("{2150E333-8FDC-42A3-9474-1A3956D46DE8}") = "Task3", "Task3", "{41799B9C-3490-4E82-8A55-6B011FB7B15D}"
EndProject
Project("{FAE04EC0-301F-11D3-BF4B-00C04F79EFBC}") = "Tyuiu.AntonovDI.Sprint2.Task3.V26", "Tyuiu.AntonovDI.Sprint2.Task3.V26\Tyuiu.AntonovDI.Sprint2.Task3.V26.csproj", "{68D051F6-9284-451D-88A8-051C5C9D29BB}"
EndProject
Project("{FAE04EC0-301F-11D3-BF4B-00C04F79EFBC}") = "Tyuiu.AntonovDI.Sprint2.Task3.V26.Lib", "Tyuiu.AntonovDI.Sprint2.Task3.V26.Lib\Tyuiu.AntonovDI.Sprint2.Task3.V26.Lib.csproj", "{B86B9176-BFD7-4E9F-A4E5-3FD09CCCEEB3}"
EndProject
Project("{FAE04EC0-301F-11D3-BF4B-00C04F79EFBC}") = "Tyuiu.AntonovDI.Sprint2.Task3.V26.Test", "Tyuiu.AntonovDI.Sprint2.Task3.V26.Test\Tyuiu.AntonovDI.Sprint2.Task3.V26.Test.csproj", "{4A278670-D8AD-480A-A9EE-7F6F5FBD9CC4}"
EndProject
Project("{2150E333-8FDC-42A3-9474-1A3956D46DE8}") = "Task4", "Task4", "{0C50DB20-7FFE-4A0F-BB55-DC012A50DB0A}"
EndProject
Project("{FAE04EC0-301F-11D3-BF4B-00C04F79EFBC}") = "Tyuiu.AntonovDI.Sprint2.Task4.V13", "Tyuiu.AntonovDI.Sprint2.Task4.V13\Tyuiu.AntonovDI.Sprint2.Task4.V13.csproj", "{D5019027-9C1E-4E4B-A095-C44FAB19724E}"
EndProject
Project("{FAE04EC0-301F-11D3-BF4B-00C04F79EFBC}") = "Tyuiu.AntonovDI.Sprint2.Task4.V13.Lib", "Tyuiu.AntonovDI.Sprint2.Task4.V13.Lib\Tyuiu.AntonovDI.Sprint2.Task4.V13.Lib.csproj", "{A9F5F512-772D-428E-AE59-DBEBC1F5CD68}"
EndProject
Project("{FAE04EC0-301F-11D3-BF4B-00C04F79EFBC}") = "Tyuiu.AntonovDI.Sprint2.Task4.V13.Test", "Tyuiu.AntonovDI.Sprint2.Task4.V13.Test\Tyuiu.AntonovDI.Sprint2.Task4.V13.Test.csproj", "{360E9D62-4A63-4EDC-83F6-F3E06CEEF26E}"
EndProject
Project("{2150E333-8FDC-42A3-9474-1A3956D46DE8}") = "Task5", "Task5", "{FB21601C-7163-450F-B4DE-FFCD85B6D3BD}"
EndProject
Project("{FAE04EC0-301F-11D3-BF4B-00C04F79EFBC}") = "Tyuiu.AntonovDI.Sprint2.Task5.V13", "Tyuiu.AntonovDI.Sprint2.Task5.V13\Tyuiu.AntonovDI.Sprint2.Task5.V13.csproj", "{D6955BB9-EAEB-4DC9-BD3B-56436F5CE2C3}"
EndProject
Project("{FAE04EC0-301F-11D3-BF4B-00C04F79EFBC}") = "Tyuiu.AntonovDI.Sprint2.Task5.V13.Lib", "Tyuiu.AntonovDI.Sprint2.Task5.V13.Lib\Tyuiu.AntonovDI.Sprint2.Task5.V13.Lib.csproj", "{CFC395A4-F580-4562-A2D4-4A41C8C0EE53}"
EndProject
Project("{FAE04EC0-301F-11D3-BF4B-00C04F79EFBC}") = "Tyuiu.AntonovDI.Sprint2.Task5.V13.Test", "Tyuiu.AntonovDI.Sprint2.Task5.V13.Test\Tyuiu.AntonovDI.Sprint2.Task5.V13.Test.csproj", "{E04236C5-F534-4A8A-99EF-2214786EAE77}"
EndProject
Project("{2150E333-8FDC-42A3-9474-1A3956D46DE8}") = "Task6", "Task6", "{23E5B814-7E6E-4235-B009-DBA9192450F5}"
EndProject
Project("{FAE04EC0-301F-11D3-BF4B-00C04F79EFBC}") = "Tyuiu.AntonovDI.Sprint2.Task6.V14", "Tyuiu.AntonovDI.Sprint2.Task6.V14\Tyuiu.AntonovDI.Sprint2.Task6.V14.csproj", "{D1606D17-A210-4AA4-832A-F296F99D3D61}"
EndProject
Project("{FAE04EC0-301F-11D3-BF4B-00C04F79EFBC}") = "Tyuiu.AntonovDI.Sprint2.Task6.V14.Lib", "Tyuiu.AntonovDI.Sprint2.Task6.V14.Lib\Tyuiu.AntonovDI.Sprint2.Task6.V14.Lib.csproj", "{E3EC473D-C446-4787-96A2-462BF3C86C0E}"
EndProject
Project("{FAE04EC0-301F-11D3-BF4B-00C04F79EFBC}") = "Tyuiu.AntonovDI.Sprint2.Task6.V14.Test", "Tyuiu.AntonovDI.Sprint2.Task6.V14.Test\Tyuiu.AntonovDI.Sprint2.Task6.V14.Test.csproj", "{B3328855-49F0-4603-88AA-AB40D0F33D79}"
EndProject
Project("{2150E333-8FDC-42A3-9474-1A3956D46DE8}") = "Task7", "Task7", "{83584D96-5BBA-48A8-8312-5F78339F0B1A}"
EndProject
Project("{FAE04EC0-301F-11D3-BF4B-00C04F79EFBC}") = "Tyuiu.AntonovDI.Sprint2.Task7.V5", "Tyuiu.AntonovDI.Sprint2.Task7.V5\Tyuiu.AntonovDI.Sprint2.Task7.V5.csproj", "{B2403015-98F5-4A25-809C-111235F32225}"
EndProject
Project("{FAE04EC0-301F-11D3-BF4B-00C04F79EFBC}") = "Tyuiu.AntonovDI.Sprint2.Task7.V5.Lib", "Tyuiu.AntonovDI.Sprint2.Task7.V5.Lib\Tyuiu.AntonovDI.Sprint2.Task7.V5.Lib.csproj", "{3AF6FBEB-0681-4C82-B68A-A498B184C16B}"
EndProject
Project("{FAE04EC0-301F-11D3-BF4B-00C04F79EFBC}") = "Tyuiu.AntonovDI.Sprint2.Task7.V5.Test", "Tyuiu.AntonovDI.Sprint2.Task7.V5.Test\Tyuiu.AntonovDI.Sprint2.Task7.V5.Test.csproj", "{C5D2F61A-7967-42BE-944C-3E6D5F8E95E2}"
EndProject
Global
	GlobalSection(SolutionConfigurationPlatforms) = preSolution
		Debug|Any CPU = Debug|Any CPU
		Release|Any CPU = Release|Any CPU
	EndGlobalSection
	GlobalSection(ProjectConfigurationPlatforms) = postSolution
		{0D26C3D9-5313-441C-A615-ECE0E1DADE1A}.Debug|Any CPU.ActiveCfg = Debug|Any CPU
		{0D26C3D9-5313-441C-A615-ECE0E1DADE1A}.Debug|Any CPU.Build.0 = Debug|Any CPU
		{0D26C3D9-5313-441C-A615-ECE0E1DADE1A}.Release|Any CPU.ActiveCfg = Release|Any CPU
		{0D26C3D9-5313-441C-A615-ECE0E1DADE1A}.Release|Any CPU.Build.0 = Release|Any CPU
		{C0006052-11C2-4318-BB6E-C89030480689}.Debug|Any CPU.ActiveCfg = Debug|Any CPU
		{C0006052-11C2-4318-BB6E-C89030480689}.Debug|Any CPU.Build.0 = Debug|Any CPU
		{C0006052-11C2-4318-BB6E-C89030480689}.Release|Any CPU.ActiveCfg = Release|Any CPU
		{C0006052-11C2-4318-BB6E-C89030480689}.Release|Any CPU.Build.0 = Release|Any CPU
		{66E0473D-05E9-4D35-AD02-D879C81B48D9}.Debug|Any CPU.ActiveCfg = Debug|Any CPU
		{66E0473D-05E9-4D35-AD02-D879C81B48D9}.Debug|Any CPU.Build.0 = Debug|Any CPU
		{66E0473D-05E9-4D35-AD02-D879C81B48D9}.Release|Any CPU.ActiveCfg = Release|Any CPU
		{66E0473D-05E9-4D35-AD02-D879C81B48D9}.Release|Any CPU.Build.0 = Release|Any CPU
		{8C831D98-B642-487F-8CC6-F0412A4ED754}.Debug|Any CPU.ActiveCfg = Debug|Any CPU
		{8C831D98-B642-487F-8CC6-F0412A4ED754}.Debug|Any CPU.Build.0 = Debug|Any CPU
		{8C831D98-B642-487F-8CC6-F0412A4ED754}.Release|Any CPU.ActiveCfg = Release|Any CPU
		{8C831D98-B642-487F-8CC6-F0412A4ED754}.Release|Any CPU.Build.0 = Release|Any CPU
		{51EC69D2-256B-40FB-9AB9-58CE3A54A4A4}.Debug|Any CPU.ActiveCfg = Debug|Any CPU
		{51EC69D2-256B-40FB-9AB9-58CE3A54A4A4}.Debug|Any CPU.Build.0 = Debug|Any CPU
		{51EC69D2-256B-40FB-9AB9-58CE3A54A4A4}.Release|Any CPU.ActiveCfg = Release|Any CPU
		{51EC69D2-256B-40FB-9AB9-58CE3A54A4A4}.Release|Any CPU.Build.0 = Release|Any CPU
		{FACAACD0-53BC-4BDE-AC6E-A5C8D9EE6BBC}.Debug|Any CPU.ActiveCfg = Debug|Any CPU
		{FACAACD0-53BC-4BDE-AC6E-A5C8D9EE6BBC}.Debug|Any CPU.Build.0 = Debug|Any CPU
		{FACAACD0-53BC-4BDE-AC6E-A5C8D9EE6BBC}.Release|Any CPU.ActiveCfg = Release|Any CPU
		{FACAACD0-53BC-4BDE-AC6E-A5C8D9EE6BBC}.Release|Any CPU.Build.0 = Release|Any CPU
		{3626C5E8-80A5-4384-BC6B-0E448C8890D0}.Debug|Any CPU.ActiveCfg = Debug|Any CPU
		{3626C5E8-80A5-4384-BC6B-0E448C8890D0}.Debug|Any CPU.Build.0 = Debug|Any CPU
		{3626C5E8-80A5-4384-BC6B-0E448C8890D0}.Release|Any CPU.ActiveCfg = Release|Any CPU
		{3626C5E8-80A5-4384-BC6B-0E448C8890D0}.Release|Any CPU.Build.0 = Release|Any CPU
		{5C7425AB-03E1-444A-B4A2-9F7844391E5A}.Debug|Any CPU.ActiveCfg = Debug|Any CPU
		{5C7425AB-03E1-444A-B4A2-9F7844391E5A}.Debug|Any CPU.Build.0 = Debug|Any CPU
		{5C7425AB-03E1-444A-B4A2-9F7844391E5A}.Release|Any CPU.ActiveCfg = Release|Any CPU
		{5C7425AB-03E1-444A-B4A2-9F7844391E5A}.Release|Any CPU.Build.0 = Release|Any CPU
		{1BFBBCA7-AE2A-46BC-BEFC-9523CEE02A6B}.Debug|Any CPU.ActiveCfg = Debug|Any CPU
		{1BFBBCA7-AE2A-46BC-BEFC-9523CEE02A6B}.Debug|Any CPU.Build.0 = Debug|Any CPU
		{1BFBBCA7-AE2A-46BC-BEFC-9523CEE02A6B}.Release|Any CPU.ActiveCfg = Release|Any CPU
		{1BFBBCA7-AE2A-46BC-BEFC-9523CEE02A6B}.Release|Any CPU.Build.0 = Release|Any CPU
		{68D051F6-9284-451D-88A8-051C5C9D29BB}.Debug|Any CPU.ActiveCfg = Debug|Any CPU
		{68D051F6-9284-451D-88A8-051C5C9D29BB}.Debug|Any CPU.Build.0 = Debug|Any CPU
		{68D051F6-9284-451D-88A8-051C5C9D29BB}.Release|Any CPU.ActiveCfg = Release|Any CPU
		{68D051F6-9284-451D-88A8-051C5C9D29BB}.Release|Any CPU.Build.0 = Release|Any CPU
		{B86B9176-BFD7-4E9F-A4E5-3FD09CCCEEB3}.Debug|Any CPU.ActiveCfg = Debug|Any CPU
		{B86B9176-BFD7-4E9F-A4E5-3FD09CCCEEB3}.Debug|Any CPU.Build.0 = Debug|Any CPU
		{B86B9176-BFD7-4E9F-A4E5-3FD09CCCEEB3}.Release|Any CPU.ActiveCfg = Release|Any CPU
		{B86B9176-BFD7-4E9F-A4E5-3FD09CCCEEB3}.Release|Any CPU.Build.0 = Release|Any CPU
		{4A278670-D8AD-480A-A9EE-7F6F5FBD9CC4}.Debug|Any CPU.ActiveCfg = Debug|Any CPU
		{4A278670-D8AD-480A-A9EE-7F6F5FBD9CC4}.Debug|Any CPU.Build.0 = Debug|Any CPU
		{4A278670-D8AD-480A-A9EE-7F6F5FBD9CC4}.Release|Any CPU.ActiveCfg = Release|Any CPU
		{4A278670-D8AD-480A-A9EE-7F6F5FBD9CC4}.Release|Any CPU.Build.0 = Release|Any CPU
		{D5019027-9C1E-4E4B-A095-C44FAB19724E}.Debug|Any CPU.ActiveCfg = Debug|Any CPU
		{D5019027-9C1E-4E4B-A095-C44FAB19724E}.Debug|Any CPU.Build.0 = Debug|Any CPU
		{D5019027-9C1E-4E4B-A095-C44FAB19724E}.Release|Any CPU.ActiveCfg = Release|Any CPU
		{D5019027-9C1E-4E4B-A095-C44FAB19724E}.Release|Any CPU.Build.0 = Release|Any CPU
		{A9F5F512-772D-428E-AE59-DBEBC1F5CD68}.Debug|Any CPU.ActiveCfg = Debug|Any CPU
		{A9F5F512-772D-428E-AE59-DBEBC1F5CD68}.Debug|Any CPU.Build.0 = Debug|Any CPU
		{A9F5F512-772D-428E-AE59-DBEBC1F5CD68}.Release|Any CPU.ActiveCfg = Release|Any CPU
		{A9F5F512-772D-428E-AE59-DBEBC1F5CD68}.Release|Any CPU.Build.0 = Release|Any CPU
		{360E9D62-4A63-4EDC-83F6-F3E06CEEF26E}.Debug|Any CPU.ActiveCfg = Debug|Any CPU
		{360E9D62-4A63-4EDC-83F6-F3E06CEEF26E}.Debug|Any CPU.Build.0 = Debug|Any CPU
		{360E9D62-4A63-4EDC-83F6-F3E06CEEF26E}.Release|Any CPU.ActiveCfg = Release|Any CPU
		{360E9D62-4A63-4EDC-83F6-F3E06CEEF26E}.Release|Any CPU.Build.0 = Release|Any CPU
		{D6955BB9-EAEB-4DC9-BD3B-56436F5CE2C3}.Debug|Any CPU.ActiveCfg = Debug|Any CPU
		{D6955BB9-EAEB-4DC9-BD3B-56436F5CE2C3}.Debug|Any CPU.Build.0 = Debug|Any CPU
		{D6955BB9-EAEB-4DC9-BD3B-56436F5CE2C3}.Release|Any CPU.ActiveCfg = Release|Any CPU
		{D6955BB9-EAEB-4DC9-BD3B-56436F5CE2C3}.Release|Any CPU.Build.0 = Release|Any CPU
		{CFC395A4-F580-4562-A2D4-4A41C8C0EE53}.Debug|Any CPU.ActiveCfg = Debug|Any CPU
		{CFC395A4-F580-4562-A2D4-4A41C8C0EE53}.Debug|Any CPU.Build.0 = Debug|Any CPU
		{CFC395A4-F580-4562-A2D4-4A41C8C0EE53}.Release|Any CPU.ActiveCfg = Release|Any CPU
		{CFC395A4-F580-4562-A2D4-4A41C8C0EE53}.Release|Any CPU.Build.0 = Release|Any CPU
		{E04236C5-F534-4A8A-99EF-2214786EAE77}.Debug|Any CPU.ActiveCfg = Debug|Any CPU
		{E04236C5-F534-4A8A-99EF-2214786EAE77}.Debug|Any CPU.Build.0 = Debug|Any CPU
		{E04236C5-F534-4A8A-99EF-2214786EAE77}.Release|Any CPU.ActiveCfg = Release|Any CPU
		{E04236C5-F534-4A8A-99EF-2214786EAE77}.Release|Any CPU.Build.0 = Release|Any CPU
		{D1606D17-A210-4AA4-832A-F296F99D3D61}.Debug|Any CPU.ActiveCfg = Debug|Any CPU
		{D1606D17-A210-4AA4-832A-F296F99D3D61}.Debug|Any CPU.Build.0 = Debug|Any CPU
		{D1606D17-A210-4AA4-832A-F296F99D3D61}.Release|Any CPU.ActiveCfg = Release|Any CPU
		{D1606D17-A210-4AA4-832A-F296F99D3D61}.Release|Any CPU.Build.0 = Release|Any CPU
		{E3EC473D-C446-4787-96A2-462BF3C86C0E}.Debug|Any CPU.ActiveCfg = Debug|Any CPU
		{E3EC473D-C446-4787-96A2-462BF3C86C0E}.Debug|Any CPU.Build.0 = Debug|Any CPU
		{E3EC473D-C446-4787-96A2-462BF3C86C0E}.Release|Any CPU.ActiveCfg = Release|Any CPU
		{E3EC473D-C446-4787-96A2-462BF3C86C0E}.Release|Any CPU.Build.0 = Release|Any CPU
		{B3328855-49F0-4603-88AA-AB40D0F33D79}.Debug|Any CPU.ActiveCfg = Debug|Any CPU
		{B3328855-49F0-4603-88AA-AB40D0F33D79}.Debug|Any CPU.Build.0 = Debug|Any CPU
		{B3328855-49F0-4603-88AA-AB40D0F33D79}.Release|Any CPU.ActiveCfg = Release|Any CPU
		{B3328855-49F0-4603-88AA-AB40D0F33D79}.Release|Any CPU.Build.0 = Release|Any CPU
		{B2403015-98F5-4A25-809C-111235F32225}.Debug|Any CPU.ActiveCfg = Debug|Any CPU
		{B2403015-98F5-4A25-809C-111235F32225}.Debug|Any CPU.Build.0 = Debug|Any CPU
		{B2403015-98F5-4A25-809C-111235F32225}.Release|Any CPU.ActiveCfg = Release|Any CPU
		{B2403015-98F5-4A25-809C-111235F32225}.Release|Any CPU.Build.0 = Release|Any CPU
		{3AF6FBEB-0681-4C82-B68A-A498B184C16B}.Debug|Any CPU.ActiveCfg = Debug|Any CPU
		{3AF6FBEB-0681-4C82-B68A-A498B184C16B}.Debug|Any CPU.Build.0 = Debug|Any CPU
		{3AF6FBEB-0681-4C82-B68A-A498B184C16B}.Release|Any CPU.ActiveCfg = Release|Any CPU
		{3AF6FBEB-0681-4C82-B68A-A498B184C16B}.Release|Any CPU.Build.0 = Release|Any CPU
		{C5D2F61A-7967-42BE-944C-3E6D5F8E95E2}.Debug|Any CPU.ActiveCfg = Debug|Any CPU
		{C5D2F61A-7967-42BE-944C-3E6D5F8E95E2}.Debug|Any CPU.Build.0 = Debug|Any CPU
		{C5D2F61A-7967-42BE-944C-3E6D5F8E95E2}.Release|Any CPU.ActiveCfg = Release|Any CPU
		{C5D2F61A-7967-42BE-944C-3E6D5F8E95E2}.Release|Any CPU.Build.0 = Release|Any CPU
	EndGlobalSection
	GlobalSection(SolutionProperties) = preSolution
		HideSolutionNode = FALSE
	EndGlobalSection
	GlobalSection(NestedProjects) = preSolution
		{0D26C3D9-5313-441C-A615-ECE0E1DADE1A} = {02EA681E-C7D8-13C7-8484-4AC65E1B71E8}
		{C0006052-11C2-4318-BB6E-C89030480689} = {02EA681E-C7D8-13C7-8484-4AC65E1B71E8}
		{66E0473D-05E9-4D35-AD02-D879C81B48D9} = {02EA681E-C7D8-13C7-8484-4AC65E1B71E8}
		{8C831D98-B642-487F-8CC6-F0412A4ED754} = {8E8EAE48-B556-4731-B001-5D0CA86F3C79}
		{51EC69D2-256B-40FB-9AB9-58CE3A54A4A4} = {8E8EAE48-B556-4731-B001-5D0CA86F3C79}
		{FACAACD0-53BC-4BDE-AC6E-A5C8D9EE6BBC} = {8E8EAE48-B556-4731-B001-5D0CA86F3C79}
		{3626C5E8-80A5-4384-BC6B-0E448C8890D0} = {5E4B1ACB-8742-48BB-9670-2F016D0846A8}
		{5C7425AB-03E1-444A-B4A2-9F7844391E5A} = {5E4B1ACB-8742-48BB-9670-2F016D0846A8}
		{1BFBBCA7-AE2A-46BC-BEFC-9523CEE02A6B} = {5E4B1ACB-8742-48BB-9670-2F016D0846A8}
		{68D051F6-9284-451D-88A8-051C5C9D29BB} = {41799B9C-3490-4E82-8A55-6B011FB7B15D}
		{B86B9176-BFD7-4E9F-A4E5-3FD09CCCEEB3} = {41799B9C-3490-4E82-8A55-6B011FB7B15D}
		{4A278670-D8AD-480A-A9EE-7F6F5FBD9CC4} = {41799B9C-3490-4E82-8A55-6B011FB7B15D}
		{D5019027-9C1E-4E4B-A095-C44FAB19724E} = {0C50DB20-7FFE-4A0F-BB55-DC012A50DB0A}
		{A9F5F512-772D-428E-AE59-DBEBC1F5CD68} = {0C50DB20-7FFE-4A0F-BB55-DC012A50DB0A}
		{360E9D62-4A63-4EDC-83F6-F3E06CEEF26E} = {0C50DB20-7FFE-4A0F-BB55-DC012A50DB0A}
		{D6955BB9-EAEB-4DC9-BD3B-56436F5CE2C3} = {FB21601C-7163-450F-B4DE-FFCD85B6D3BD}
		{CFC395A4-F580-4562-A2D4-4A41C8C0EE53} = {FB21601C-7163-450F-B4DE-FFCD85B6D3BD}
		{E04236C5-F534-4A8A-99EF-2214786EAE77} = {FB21601C-7163-450F-B4DE-FFCD85B6D3BD}
		{D1606D17-A210-4AA4-832A-F296F99D3D61} = {23E5B814-7E6E-4235-B009-DBA9192450F5}
		{E3EC473D-C446-4787-96A2-462BF3C86C0E} = {23E5B814-7E6E-4235-B009-DBA9192450F5}
		{B3328855-49F0-4603-88AA-AB40D0F33D79} = {23E5B814-7E6E-4235-B009-DBA9192450F5}
		{B2403015-98F5-4A25-809C-111235F32225} = {83584D96-5BBA-48A8-8312-5F78339F0B1A}
		{3AF6FBEB-0681-4C82-B68A-A498B184C16B} = {83584D96-5BBA-48A8-8312-5F78339F0B1A}
		{C5D2F61A-7967-42BE-944C-3E6D5F8E95E2} = {83584D96-5BBA-48A8-8312-5F78339F0B1A}
	EndGlobalSection
	GlobalSection(ExtensibilityGlobals) = postSolution
		SolutionGuid = {DDAC02E0-08E1-467F-A5DC-0558D9420BDB}
	EndGlobalSection
EndGlobal
